// !$*UTF8*$!
{
	archiveVersion = 1;
	classes = {
	};
	objectVersion = 50;
	objects = {

/* Begin PBXBuildFile section */
		52268AE526EACFA1006121F5 /* Main.storyboard in Resources */ = {isa = PBXBuildFile; fileRef = 52268AE426EACFA1006121F5 /* Main.storyboard */; };
		5281189426E4135A00ECA7F4 /* MillionDollarApp_hopefully_maybe__App.swift in Sources */ = {isa = PBXBuildFile; fileRef = 5281189326E4135A00ECA7F4 /* MillionDollarApp_hopefully_maybe__App.swift */; };
		5281189626E4135A00ECA7F4 /* ContentView.swift in Sources */ = {isa = PBXBuildFile; fileRef = 5281189526E4135A00ECA7F4 /* ContentView.swift */; };
		5281189826E4135B00ECA7F4 /* Assets.xcassets in Resources */ = {isa = PBXBuildFile; fileRef = 5281189726E4135B00ECA7F4 /* Assets.xcassets */; };
		5281189B26E4135B00ECA7F4 /* Preview Assets.xcassets in Resources */ = {isa = PBXBuildFile; fileRef = 5281189A26E4135B00ECA7F4 /* Preview Assets.xcassets */; };
		5281189D26E4135B00ECA7F4 /* Persistence.swift in Sources */ = {isa = PBXBuildFile; fileRef = 5281189C26E4135B00ECA7F4 /* Persistence.swift */; };
		528118A026E4135B00ECA7F4 /* MillionDollarApp_hopefully_maybe__.xcdatamodeld in Sources */ = {isa = PBXBuildFile; fileRef = 5281189E26E4135B00ECA7F4 /* MillionDollarApp_hopefully_maybe__.xcdatamodeld */; };
		528118AB26E4135B00ECA7F4 /* MillionDollarApp_hopefully_maybe__Tests.swift in Sources */ = {isa = PBXBuildFile; fileRef = 528118AA26E4135B00ECA7F4 /* MillionDollarApp_hopefully_maybe__Tests.swift */; };
		528118B626E4135B00ECA7F4 /* MillionDollarApp_hopefully_maybe__UITests.swift in Sources */ = {isa = PBXBuildFile; fileRef = 528118B526E4135B00ECA7F4 /* MillionDollarApp_hopefully_maybe__UITests.swift */; };
		E349FB3426EADCEA00E4C54C /* SettingsView.swift in Sources */ = {isa = PBXBuildFile; fileRef = E349FB3326EADCEA00E4C54C /* SettingsView.swift */; };
		E349FB3626F0EB2300E4C54C /* AppView.swift in Sources */ = {isa = PBXBuildFile; fileRef = E349FB3526F0EB2300E4C54C /* AppView.swift */; };
		E38541FC26E4498100B04937 /* NewUserView.swift in Sources */ = {isa = PBXBuildFile; fileRef = E38541FB26E4498100B04937 /* NewUserView.swift */; };
/* End PBXBuildFile section */

/* Begin PBXContainerItemProxy section */
		528118A726E4135B00ECA7F4 /* PBXContainerItemProxy */ = {
			isa = PBXContainerItemProxy;
			containerPortal = 5281188826E4135A00ECA7F4 /* Project object */;
			proxyType = 1;
			remoteGlobalIDString = 5281188F26E4135A00ECA7F4;
			remoteInfo = "MillionDollarApp(hopefully(maybe))";
		};
		528118B226E4135B00ECA7F4 /* PBXContainerItemProxy */ = {
			isa = PBXContainerItemProxy;
			containerPortal = 5281188826E4135A00ECA7F4 /* Project object */;
			proxyType = 1;
			remoteGlobalIDString = 5281188F26E4135A00ECA7F4;
			remoteInfo = "MillionDollarApp(hopefully(maybe))";
		};
/* End PBXContainerItemProxy section */

/* Begin PBXFileReference section */
		52268ADF26EAC5C1006121F5 /* swift-composable-architecture copy */ = {isa = PBXFileReference; lastKnownFileType = folder; name = "swift-composable-architecture copy"; path = "../../../Library/Developer/Xcode/DerivedData/FinalProject-ghxvtceygxpkvxgvsvvfczwpulhr/SourcePackages/checkouts/swift-composable-architecture copy"; sourceTree = "<group>"; };
		52268AE426EACFA1006121F5 /* Main.storyboard */ = {isa = PBXFileReference; lastKnownFileType = file.storyboard; path = Main.storyboard; sourceTree = "<group>"; };
		5281189026E4135A00ECA7F4 /* MillionDollarApp(hopefully(maybe)).app */ = {isa = PBXFileReference; explicitFileType = wrapper.application; includeInIndex = 0; path = "MillionDollarApp(hopefully(maybe)).app"; sourceTree = BUILT_PRODUCTS_DIR; };
		5281189326E4135A00ECA7F4 /* MillionDollarApp_hopefully_maybe__App.swift */ = {isa = PBXFileReference; lastKnownFileType = sourcecode.swift; path = MillionDollarApp_hopefully_maybe__App.swift; sourceTree = "<group>"; };
		5281189526E4135A00ECA7F4 /* ContentView.swift */ = {isa = PBXFileReference; lastKnownFileType = sourcecode.swift; path = ContentView.swift; sourceTree = "<group>"; };
		5281189726E4135B00ECA7F4 /* Assets.xcassets */ = {isa = PBXFileReference; lastKnownFileType = folder.assetcatalog; path = Assets.xcassets; sourceTree = "<group>"; };
		5281189A26E4135B00ECA7F4 /* Preview Assets.xcassets */ = {isa = PBXFileReference; lastKnownFileType = folder.assetcatalog; path = "Preview Assets.xcassets"; sourceTree = "<group>"; };
		5281189C26E4135B00ECA7F4 /* Persistence.swift */ = {isa = PBXFileReference; lastKnownFileType = sourcecode.swift; path = Persistence.swift; sourceTree = "<group>"; };
		5281189F26E4135B00ECA7F4 /* MillionDollarApp_hopefully_maybe__.xcdatamodel */ = {isa = PBXFileReference; lastKnownFileType = wrapper.xcdatamodel; path = MillionDollarApp_hopefully_maybe__.xcdatamodel; sourceTree = "<group>"; };
		528118A126E4135B00ECA7F4 /* Info.plist */ = {isa = PBXFileReference; lastKnownFileType = text.plist.xml; path = Info.plist; sourceTree = "<group>"; };
		528118A626E4135B00ECA7F4 /* MillionDollarApp(hopefully(maybe))Tests.xctest */ = {isa = PBXFileReference; explicitFileType = wrapper.cfbundle; includeInIndex = 0; path = "MillionDollarApp(hopefully(maybe))Tests.xctest"; sourceTree = BUILT_PRODUCTS_DIR; };
		528118AA26E4135B00ECA7F4 /* MillionDollarApp_hopefully_maybe__Tests.swift */ = {isa = PBXFileReference; lastKnownFileType = sourcecode.swift; path = MillionDollarApp_hopefully_maybe__Tests.swift; sourceTree = "<group>"; };
		528118AC26E4135B00ECA7F4 /* Info.plist */ = {isa = PBXFileReference; lastKnownFileType = text.plist.xml; path = Info.plist; sourceTree = "<group>"; };
		528118B126E4135B00ECA7F4 /* MillionDollarApp(hopefully(maybe))UITests.xctest */ = {isa = PBXFileReference; explicitFileType = wrapper.cfbundle; includeInIndex = 0; path = "MillionDollarApp(hopefully(maybe))UITests.xctest"; sourceTree = BUILT_PRODUCTS_DIR; };
		528118B526E4135B00ECA7F4 /* MillionDollarApp_hopefully_maybe__UITests.swift */ = {isa = PBXFileReference; lastKnownFileType = sourcecode.swift; path = MillionDollarApp_hopefully_maybe__UITests.swift; sourceTree = "<group>"; };
		528118B726E4135B00ECA7F4 /* Info.plist */ = {isa = PBXFileReference; lastKnownFileType = text.plist.xml; path = Info.plist; sourceTree = "<group>"; };
		E349FB3326EADCEA00E4C54C /* SettingsView.swift */ = {isa = PBXFileReference; lastKnownFileType = sourcecode.swift; path = SettingsView.swift; sourceTree = "<group>"; };
		E349FB3526F0EB2300E4C54C /* AppView.swift */ = {isa = PBXFileReference; lastKnownFileType = sourcecode.swift; path = AppView.swift; sourceTree = "<group>"; };
		E38541FB26E4498100B04937 /* NewUserView.swift */ = {isa = PBXFileReference; lastKnownFileType = sourcecode.swift; path = NewUserView.swift; sourceTree = "<group>"; };
/* End PBXFileReference section */

/* Begin PBXFrameworksBuildPhase section */
		5281188D26E4135A00ECA7F4 /* Frameworks */ = {
			isa = PBXFrameworksBuildPhase;
			buildActionMask = 2147483647;
			files = (
			);
			runOnlyForDeploymentPostprocessing = 0;
		};
		528118A326E4135B00ECA7F4 /* Frameworks */ = {
			isa = PBXFrameworksBuildPhase;
			buildActionMask = 2147483647;
			files = (
			);
			runOnlyForDeploymentPostprocessing = 0;
		};
		528118AE26E4135B00ECA7F4 /* Frameworks */ = {
			isa = PBXFrameworksBuildPhase;
			buildActionMask = 2147483647;
			files = (
			);
			runOnlyForDeploymentPostprocessing = 0;
		};
/* End PBXFrameworksBuildPhase section */

/* Begin PBXGroup section */
		5281188726E4135A00ECA7F4 = {
			isa = PBXGroup;
			children = (
				5281189226E4135A00ECA7F4 /* MillionDollarApp(hopefully(maybe)) */,
				528118A926E4135B00ECA7F4 /* MillionDollarApp(hopefully(maybe))Tests */,
				528118B426E4135B00ECA7F4 /* MillionDollarApp(hopefully(maybe))UITests */,
				52268ADF26EAC5C1006121F5 /* swift-composable-architecture copy */,
				5281189126E4135A00ECA7F4 /* Products */,
			);
			sourceTree = "<group>";
		};
		5281189126E4135A00ECA7F4 /* Products */ = {
			isa = PBXGroup;
			children = (
				5281189026E4135A00ECA7F4 /* MillionDollarApp(hopefully(maybe)).app */,
				528118A626E4135B00ECA7F4 /* MillionDollarApp(hopefully(maybe))Tests.xctest */,
				528118B126E4135B00ECA7F4 /* MillionDollarApp(hopefully(maybe))UITests.xctest */,
			);
			name = Products;
			sourceTree = "<group>";
		};
		5281189226E4135A00ECA7F4 /* MillionDollarApp(hopefully(maybe)) */ = {
			isa = PBXGroup;
			children = (
				5281189326E4135A00ECA7F4 /* MillionDollarApp_hopefully_maybe__App.swift */,
				E349FB3526F0EB2300E4C54C /* AppView.swift */,
				5281189526E4135A00ECA7F4 /* ContentView.swift */,
				E38541FB26E4498100B04937 /* NewUserView.swift */,
				E349FB3326EADCEA00E4C54C /* SettingsView.swift */,
				5281189726E4135B00ECA7F4 /* Assets.xcassets */,
				5281189C26E4135B00ECA7F4 /* Persistence.swift */,
				528118A126E4135B00ECA7F4 /* Info.plist */,
				5281189E26E4135B00ECA7F4 /* MillionDollarApp_hopefully_maybe__.xcdatamodeld */,
				5281189926E4135B00ECA7F4 /* Preview Content */,
				52268AE426EACFA1006121F5 /* Main.storyboard */,
			);
			path = "MillionDollarApp(hopefully(maybe))";
			sourceTree = "<group>";
		};
		5281189926E4135B00ECA7F4 /* Preview Content */ = {
			isa = PBXGroup;
			children = (
				5281189A26E4135B00ECA7F4 /* Preview Assets.xcassets */,
			);
			path = "Preview Content";
			sourceTree = "<group>";
		};
		528118A926E4135B00ECA7F4 /* MillionDollarApp(hopefully(maybe))Tests */ = {
			isa = PBXGroup;
			children = (
				528118AA26E4135B00ECA7F4 /* MillionDollarApp_hopefully_maybe__Tests.swift */,
				528118AC26E4135B00ECA7F4 /* Info.plist */,
			);
			path = "MillionDollarApp(hopefully(maybe))Tests";
			sourceTree = "<group>";
		};
		528118B426E4135B00ECA7F4 /* MillionDollarApp(hopefully(maybe))UITests */ = {
			isa = PBXGroup;
			children = (
				528118B526E4135B00ECA7F4 /* MillionDollarApp_hopefully_maybe__UITests.swift */,
				528118B726E4135B00ECA7F4 /* Info.plist */,
			);
			path = "MillionDollarApp(hopefully(maybe))UITests";
			sourceTree = "<group>";
		};
/* End PBXGroup section */

/* Begin PBXNativeTarget section */
		5281188F26E4135A00ECA7F4 /* MillionDollarApp(hopefully(maybe)) */ = {
			isa = PBXNativeTarget;
			buildConfigurationList = 528118BA26E4135B00ECA7F4 /* Build configuration list for PBXNativeTarget "MillionDollarApp(hopefully(maybe))" */;
			buildPhases = (
				5281188C26E4135A00ECA7F4 /* Sources */,
				5281188D26E4135A00ECA7F4 /* Frameworks */,
				5281188E26E4135A00ECA7F4 /* Resources */,
			);
			buildRules = (
			);
			dependencies = (
			);
			name = "MillionDollarApp(hopefully(maybe))";
			productName = "MillionDollarApp(hopefully(maybe))";
			productReference = 5281189026E4135A00ECA7F4 /* MillionDollarApp(hopefully(maybe)).app */;
			productType = "com.apple.product-type.application";
		};
		528118A526E4135B00ECA7F4 /* MillionDollarApp(hopefully(maybe))Tests */ = {
			isa = PBXNativeTarget;
			buildConfigurationList = 528118BD26E4135B00ECA7F4 /* Build configuration list for PBXNativeTarget "MillionDollarApp(hopefully(maybe))Tests" */;
			buildPhases = (
				528118A226E4135B00ECA7F4 /* Sources */,
				528118A326E4135B00ECA7F4 /* Frameworks */,
				528118A426E4135B00ECA7F4 /* Resources */,
			);
			buildRules = (
			);
			dependencies = (
				528118A826E4135B00ECA7F4 /* PBXTargetDependency */,
			);
			name = "MillionDollarApp(hopefully(maybe))Tests";
			productName = "MillionDollarApp(hopefully(maybe))Tests";
			productReference = 528118A626E4135B00ECA7F4 /* MillionDollarApp(hopefully(maybe))Tests.xctest */;
			productType = "com.apple.product-type.bundle.unit-test";
		};
		528118B026E4135B00ECA7F4 /* MillionDollarApp(hopefully(maybe))UITests */ = {
			isa = PBXNativeTarget;
			buildConfigurationList = 528118C026E4135B00ECA7F4 /* Build configuration list for PBXNativeTarget "MillionDollarApp(hopefully(maybe))UITests" */;
			buildPhases = (
				528118AD26E4135B00ECA7F4 /* Sources */,
				528118AE26E4135B00ECA7F4 /* Frameworks */,
				528118AF26E4135B00ECA7F4 /* Resources */,
			);
			buildRules = (
			);
			dependencies = (
				528118B326E4135B00ECA7F4 /* PBXTargetDependency */,
			);
			name = "MillionDollarApp(hopefully(maybe))UITests";
			productName = "MillionDollarApp(hopefully(maybe))UITests";
			productReference = 528118B126E4135B00ECA7F4 /* MillionDollarApp(hopefully(maybe))UITests.xctest */;
			productType = "com.apple.product-type.bundle.ui-testing";
		};
/* End PBXNativeTarget section */

/* Begin PBXProject section */
		5281188826E4135A00ECA7F4 /* Project object */ = {
			isa = PBXProject;
			attributes = {
				LastSwiftUpdateCheck = 1250;
				LastUpgradeCheck = 1250;
				TargetAttributes = {
					5281188F26E4135A00ECA7F4 = {
						CreatedOnToolsVersion = 12.5.1;
					};
					528118A526E4135B00ECA7F4 = {
						CreatedOnToolsVersion = 12.5.1;
						TestTargetID = 5281188F26E4135A00ECA7F4;
					};
					528118B026E4135B00ECA7F4 = {
						CreatedOnToolsVersion = 12.5.1;
						TestTargetID = 5281188F26E4135A00ECA7F4;
					};
				};
			};
			buildConfigurationList = 5281188B26E4135A00ECA7F4 /* Build configuration list for PBXProject "MillionDollarApp(hopefully(maybe))" */;
			compatibilityVersion = "Xcode 9.3";
			developmentRegion = en;
			hasScannedForEncodings = 0;
			knownRegions = (
				en,
				Base,
			);
			mainGroup = 5281188726E4135A00ECA7F4;
			productRefGroup = 5281189126E4135A00ECA7F4 /* Products */;
			projectDirPath = "";
			projectRoot = "";
			targets = (
				5281188F26E4135A00ECA7F4 /* MillionDollarApp(hopefully(maybe)) */,
				528118A526E4135B00ECA7F4 /* MillionDollarApp(hopefully(maybe))Tests */,
				528118B026E4135B00ECA7F4 /* MillionDollarApp(hopefully(maybe))UITests */,
			);
		};
/* End PBXProject section */

/* Begin PBXResourcesBuildPhase section */
		5281188E26E4135A00ECA7F4 /* Resources */ = {
			isa = PBXResourcesBuildPhase;
			buildActionMask = 2147483647;
			files = (
				52268AE526EACFA1006121F5 /* Main.storyboard in Resources */,
				5281189B26E4135B00ECA7F4 /* Preview Assets.xcassets in Resources */,
				5281189826E4135B00ECA7F4 /* Assets.xcassets in Resources */,
			);
			runOnlyForDeploymentPostprocessing = 0;
		};
		528118A426E4135B00ECA7F4 /* Resources */ = {
			isa = PBXResourcesBuildPhase;
			buildActionMask = 2147483647;
			files = (
			);
			runOnlyForDeploymentPostprocessing = 0;
		};
		528118AF26E4135B00ECA7F4 /* Resources */ = {
			isa = PBXResourcesBuildPhase;
			buildActionMask = 2147483647;
			files = (
			);
			runOnlyForDeploymentPostprocessing = 0;
		};
/* End PBXResourcesBuildPhase section */

/* Begin PBXSourcesBuildPhase section */
		5281188C26E4135A00ECA7F4 /* Sources */ = {
			isa = PBXSourcesBuildPhase;
			buildActionMask = 2147483647;
			files = (
				528118A026E4135B00ECA7F4 /* MillionDollarApp_hopefully_maybe__.xcdatamodeld in Sources */,
				5281189D26E4135B00ECA7F4 /* Persistence.swift in Sources */,
				E38541FC26E4498100B04937 /* NewUserView.swift in Sources */,
				E349FB3626F0EB2300E4C54C /* AppView.swift in Sources */,
				E349FB3426EADCEA00E4C54C /* SettingsView.swift in Sources */,
				5281189626E4135A00ECA7F4 /* ContentView.swift in Sources */,
				5281189426E4135A00ECA7F4 /* MillionDollarApp_hopefully_maybe__App.swift in Sources */,
			);
			runOnlyForDeploymentPostprocessing = 0;
		};
		528118A226E4135B00ECA7F4 /* Sources */ = {
			isa = PBXSourcesBuildPhase;
			buildActionMask = 2147483647;
			files = (
				528118AB26E4135B00ECA7F4 /* MillionDollarApp_hopefully_maybe__Tests.swift in Sources */,
			);
			runOnlyForDeploymentPostprocessing = 0;
		};
		528118AD26E4135B00ECA7F4 /* Sources */ = {
			isa = PBXSourcesBuildPhase;
			buildActionMask = 2147483647;
			files = (
				528118B626E4135B00ECA7F4 /* MillionDollarApp_hopefully_maybe__UITests.swift in Sources */,
			);
			runOnlyForDeploymentPostprocessing = 0;
		};
/* End PBXSourcesBuildPhase section */

/* Begin PBXTargetDependency section */
		528118A826E4135B00ECA7F4 /* PBXTargetDependency */ = {
			isa = PBXTargetDependency;
			target = 5281188F26E4135A00ECA7F4 /* MillionDollarApp(hopefully(maybe)) */;
			targetProxy = 528118A726E4135B00ECA7F4 /* PBXContainerItemProxy */;
		};
		528118B326E4135B00ECA7F4 /* PBXTargetDependency */ = {
			isa = PBXTargetDependency;
			target = 5281188F26E4135A00ECA7F4 /* MillionDollarApp(hopefully(maybe)) */;
			targetProxy = 528118B226E4135B00ECA7F4 /* PBXContainerItemProxy */;
		};
/* End PBXTargetDependency section */

/* Begin XCBuildConfiguration section */
		528118B826E4135B00ECA7F4 /* Debug */ = {
			isa = XCBuildConfiguration;
			buildSettings = {
				ALWAYS_SEARCH_USER_PATHS = NO;
				CLANG_ANALYZER_NONNULL = YES;
				CLANG_ANALYZER_NUMBER_OBJECT_CONVERSION = YES_AGGRESSIVE;
				CLANG_CXX_LANGUAGE_STANDARD = "gnu++14";
				CLANG_CXX_LIBRARY = "libc++";
				CLANG_ENABLE_MODULES = YES;
				CLANG_ENABLE_OBJC_ARC = YES;
				CLANG_ENABLE_OBJC_WEAK = YES;
				CLANG_WARN_BLOCK_CAPTURE_AUTORELEASING = YES;
				CLANG_WARN_BOOL_CONVERSION = YES;
				CLANG_WARN_COMMA = YES;
				CLANG_WARN_CONSTANT_CONVERSION = YES;
				CLANG_WARN_DEPRECATED_OBJC_IMPLEMENTATIONS = YES;
				CLANG_WARN_DIRECT_OBJC_ISA_USAGE = YES_ERROR;
				CLANG_WARN_DOCUMENTATION_COMMENTS = YES;
				CLANG_WARN_EMPTY_BODY = YES;
				CLANG_WARN_ENUM_CONVERSION = YES;
				CLANG_WARN_INFINITE_RECURSION = YES;
				CLANG_WARN_INT_CONVERSION = YES;
				CLANG_WARN_NON_LITERAL_NULL_CONVERSION = YES;
				CLANG_WARN_OBJC_IMPLICIT_RETAIN_SELF = YES;
				CLANG_WARN_OBJC_LITERAL_CONVERSION = YES;
				CLANG_WARN_OBJC_ROOT_CLASS = YES_ERROR;
				CLANG_WARN_QUOTED_INCLUDE_IN_FRAMEWORK_HEADER = YES;
				CLANG_WARN_RANGE_LOOP_ANALYSIS = YES;
				CLANG_WARN_STRICT_PROTOTYPES = YES;
				CLANG_WARN_SUSPICIOUS_MOVE = YES;
				CLANG_WARN_UNGUARDED_AVAILABILITY = YES_AGGRESSIVE;
				CLANG_WARN_UNREACHABLE_CODE = YES;
				CLANG_WARN__DUPLICATE_METHOD_MATCH = YES;
				COPY_PHASE_STRIP = NO;
				DEBUG_INFORMATION_FORMAT = dwarf;
				ENABLE_STRICT_OBJC_MSGSEND = YES;
				ENABLE_TESTABILITY = YES;
				GCC_C_LANGUAGE_STANDARD = gnu11;
				GCC_DYNAMIC_NO_PIC = NO;
				GCC_NO_COMMON_BLOCKS = YES;
				GCC_OPTIMIZATION_LEVEL = 0;
				GCC_PREPROCESSOR_DEFINITIONS = (
					"DEBUG=1",
					"$(inherited)",
				);
				GCC_WARN_64_TO_32_BIT_CONVERSION = YES;
				GCC_WARN_ABOUT_RETURN_TYPE = YES_ERROR;
				GCC_WARN_UNDECLARED_SELECTOR = YES;
				GCC_WARN_UNINITIALIZED_AUTOS = YES_AGGRESSIVE;
				GCC_WARN_UNUSED_FUNCTION = YES;
				GCC_WARN_UNUSED_VARIABLE = YES;
				IPHONEOS_DEPLOYMENT_TARGET = 14.5;
				MTL_ENABLE_DEBUG_INFO = INCLUDE_SOURCE;
				MTL_FAST_MATH = YES;
				ONLY_ACTIVE_ARCH = YES;
				SDKROOT = iphoneos;
				SWIFT_ACTIVE_COMPILATION_CONDITIONS = DEBUG;
				SWIFT_OPTIMIZATION_LEVEL = "-Onone";
			};
			name = Debug;
		};
		528118B926E4135B00ECA7F4 /* Release */ = {
			isa = XCBuildConfiguration;
			buildSettings = {
				ALWAYS_SEARCH_USER_PATHS = NO;
				CLANG_ANALYZER_NONNULL = YES;
				CLANG_ANALYZER_NUMBER_OBJECT_CONVERSION = YES_AGGRESSIVE;
				CLANG_CXX_LANGUAGE_STANDARD = "gnu++14";
				CLANG_CXX_LIBRARY = "libc++";
				CLANG_ENABLE_MODULES = YES;
				CLANG_ENABLE_OBJC_ARC = YES;
				CLANG_ENABLE_OBJC_WEAK = YES;
				CLANG_WARN_BLOCK_CAPTURE_AUTORELEASING = YES;
				CLANG_WARN_BOOL_CONVERSION = YES;
				CLANG_WARN_COMMA = YES;
				CLANG_WARN_CONSTANT_CONVERSION = YES;
				CLANG_WARN_DEPRECATED_OBJC_IMPLEMENTATIONS = YES;
				CLANG_WARN_DIRECT_OBJC_ISA_USAGE = YES_ERROR;
				CLANG_WARN_DOCUMENTATION_COMMENTS = YES;
				CLANG_WARN_EMPTY_BODY = YES;
				CLANG_WARN_ENUM_CONVERSION = YES;
				CLANG_WARN_INFINITE_RECURSION = YES;
				CLANG_WARN_INT_CONVERSION = YES;
				CLANG_WARN_NON_LITERAL_NULL_CONVERSION = YES;
				CLANG_WARN_OBJC_IMPLICIT_RETAIN_SELF = YES;
				CLANG_WARN_OBJC_LITERAL_CONVERSION = YES;
				CLANG_WARN_OBJC_ROOT_CLASS = YES_ERROR;
				CLANG_WARN_QUOTED_INCLUDE_IN_FRAMEWORK_HEADER = YES;
				CLANG_WARN_RANGE_LOOP_ANALYSIS = YES;
				CLANG_WARN_STRICT_PROTOTYPES = YES;
				CLANG_WARN_SUSPICIOUS_MOVE = YES;
				CLANG_WARN_UNGUARDED_AVAILABILITY = YES_AGGRESSIVE;
				CLANG_WARN_UNREACHABLE_CODE = YES;
				CLANG_WARN__DUPLICATE_METHOD_MATCH = YES;
				COPY_PHASE_STRIP = NO;
				DEBUG_INFORMATION_FORMAT = "dwarf-with-dsym";
				ENABLE_NS_ASSERTIONS = NO;
				ENABLE_STRICT_OBJC_MSGSEND = YES;
				GCC_C_LANGUAGE_STANDARD = gnu11;
				GCC_NO_COMMON_BLOCKS = YES;
				GCC_WARN_64_TO_32_BIT_CONVERSION = YES;
				GCC_WARN_ABOUT_RETURN_TYPE = YES_ERROR;
				GCC_WARN_UNDECLARED_SELECTOR = YES;
				GCC_WARN_UNINITIALIZED_AUTOS = YES_AGGRESSIVE;
				GCC_WARN_UNUSED_FUNCTION = YES;
				GCC_WARN_UNUSED_VARIABLE = YES;
				IPHONEOS_DEPLOYMENT_TARGET = 14.5;
				MTL_ENABLE_DEBUG_INFO = NO;
				MTL_FAST_MATH = YES;
				SDKROOT = iphoneos;
				SWIFT_COMPILATION_MODE = wholemodule;
				SWIFT_OPTIMIZATION_LEVEL = "-O";
				VALIDATE_PRODUCT = YES;
			};
			name = Release;
		};
		528118BB26E4135B00ECA7F4 /* Debug */ = {
			isa = XCBuildConfiguration;
			buildSettings = {
				ASSETCATALOG_COMPILER_APPICON_NAME = AppIcon;
				ASSETCATALOG_COMPILER_GLOBAL_ACCENT_COLOR_NAME = AccentColor;
				CODE_SIGN_STYLE = Automatic;
				DEVELOPMENT_ASSET_PATHS = "\"MillionDollarApp(hopefully(maybe))/Preview Content\"";
				DEVELOPMENT_TEAM = GK9V54C492;
				ENABLE_PREVIEWS = YES;
				INFOPLIST_FILE = "MillionDollarApp(hopefully(maybe))/Info.plist";
				IPHONEOS_DEPLOYMENT_TARGET = 14.0;
				LD_RUNPATH_SEARCH_PATHS = (
					"$(inherited)",
					"@executable_path/Frameworks",
				);
				PRODUCT_BUNDLE_IDENTIFIER = "John.SwiftClasswork.MillionDollarApp-hopefully-maybe--";
				PRODUCT_NAME = "$(TARGET_NAME)";
				SWIFT_VERSION = 5.0;
				TARGETED_DEVICE_FAMILY = "1,2";
			};
			name = Debug;
		};
		528118BC26E4135B00ECA7F4 /* Release */ = {
			isa = XCBuildConfiguration;
			buildSettings = {
				ASSETCATALOG_COMPILER_APPICON_NAME = AppIcon;
				ASSETCATALOG_COMPILER_GLOBAL_ACCENT_COLOR_NAME = AccentColor;
				CODE_SIGN_STYLE = Automatic;
				DEVELOPMENT_ASSET_PATHS = "\"MillionDollarApp(hopefully(maybe))/Preview Content\"";
				DEVELOPMENT_TEAM = GK9V54C492;
				ENABLE_PREVIEWS = YES;
				INFOPLIST_FILE = "MillionDollarApp(hopefully(maybe))/Info.plist";
				IPHONEOS_DEPLOYMENT_TARGET = 14.0;
				LD_RUNPATH_SEARCH_PATHS = (
					"$(inherited)",
					"@executable_path/Frameworks",
				);
				PRODUCT_BUNDLE_IDENTIFIER = "John.SwiftClasswork.MillionDollarApp-hopefully-maybe--";
				PRODUCT_NAME = "$(TARGET_NAME)";
				SWIFT_VERSION = 5.0;
				TARGETED_DEVICE_FAMILY = "1,2";
			};
			name = Release;
		};
		528118BE26E4135B00ECA7F4 /* Debug */ = {
			isa = XCBuildConfiguration;
			buildSettings = {
				ALWAYS_EMBED_SWIFT_STANDARD_LIBRARIES = YES;
				BUNDLE_LOADER = "$(TEST_HOST)";
				CODE_SIGN_STYLE = Automatic;
				DEVELOPMENT_TEAM = GK9V54C492;
				INFOPLIST_FILE = "MillionDollarApp(hopefully(maybe))Tests/Info.plist";
				IPHONEOS_DEPLOYMENT_TARGET = 14.0;
				LD_RUNPATH_SEARCH_PATHS = (
					"$(inherited)",
					"@executable_path/Frameworks",
					"@loader_path/Frameworks",
				);
				PRODUCT_BUNDLE_IDENTIFIER = "John.SwiftClasswork.MillionDollarApp-hopefully-maybe--Tests";
				PRODUCT_NAME = "$(TARGET_NAME)";
				SWIFT_VERSION = 5.0;
				TARGETED_DEVICE_FAMILY = "1,2";
				TEST_HOST = "$(BUILT_PRODUCTS_DIR)/MillionDollarApp(hopefully(maybe)).app/MillionDollarApp(hopefully(maybe))";
			};
			name = Debug;
		};
		528118BF26E4135B00ECA7F4 /* Release */ = {
			isa = XCBuildConfiguration;
			buildSettings = {
				ALWAYS_EMBED_SWIFT_STANDARD_LIBRARIES = YES;
				BUNDLE_LOADER = "$(TEST_HOST)";
				CODE_SIGN_STYLE = Automatic;
				DEVELOPMENT_TEAM = GK9V54C492;
				INFOPLIST_FILE = "MillionDollarApp(hopefully(maybe))Tests/Info.plist";
				IPHONEOS_DEPLOYMENT_TARGET = 14.0;
				LD_RUNPATH_SEARCH_PATHS = (
					"$(inherited)",
					"@executable_path/Frameworks",
					"@loader_path/Frameworks",
				);
				PRODUCT_BUNDLE_IDENTIFIER = "John.SwiftClasswork.MillionDollarApp-hopefully-maybe--Tests";
				PRODUCT_NAME = "$(TARGET_NAME)";
				SWIFT_VERSION = 5.0;
				TARGETED_DEVICE_FAMILY = "1,2";
				TEST_HOST = "$(BUILT_PRODUCTS_DIR)/MillionDollarApp(hopefully(maybe)).app/MillionDollarApp(hopefully(maybe))";
			};
			name = Release;
		};
		528118C126E4135B00ECA7F4 /* Debug */ = {
			isa = XCBuildConfiguration;
			buildSettings = {
				ALWAYS_EMBED_SWIFT_STANDARD_LIBRARIES = YES;
				CODE_SIGN_STYLE = Automatic;
				DEVELOPMENT_TEAM = GK9V54C492;
				INFOPLIST_FILE = "MillionDollarApp(hopefully(maybe))UITests/Info.plist";
				LD_RUNPATH_SEARCH_PATHS = (
					"$(inherited)",
					"@executable_path/Frameworks",
					"@loader_path/Frameworks",
				);
				PRODUCT_BUNDLE_IDENTIFIER = "John.SwiftClasswork.MillionDollarApp-hopefully-maybe--UITests";
				PRODUCT_NAME = "$(TARGET_NAME)";
				SWIFT_VERSION = 5.0;
				TARGETED_DEVICE_FAMILY = "1,2";
				TEST_TARGET_NAME = "MillionDollarApp(hopefully(maybe))";
			};
			name = Debug;
		};
		528118C226E4135B00ECA7F4 /* Release */ = {
			isa = XCBuildConfiguration;
			buildSettings = {
				ALWAYS_EMBED_SWIFT_STANDARD_LIBRARIES = YES;
				CODE_SIGN_STYLE = Automatic;
				DEVELOPMENT_TEAM = GK9V54C492;
				INFOPLIST_FILE = "MillionDollarApp(hopefully(maybe))UITests/Info.plist";
				LD_RUNPATH_SEARCH_PATHS = (
					"$(inherited)",
					"@executable_path/Frameworks",
					"@loader_path/Frameworks",
				);
				PRODUCT_BUNDLE_IDENTIFIER = "John.SwiftClasswork.MillionDollarApp-hopefully-maybe--UITests";
				PRODUCT_NAME = "$(TARGET_NAME)";
				SWIFT_VERSION = 5.0;
				TARGETED_DEVICE_FAMILY = "1,2";
				TEST_TARGET_NAME = "MillionDollarApp(hopefully(maybe))";
			};
			name = Release;
		};
/* End XCBuildConfiguration section */

/* Begin XCConfigurationList section */
		5281188B26E4135A00ECA7F4 /* Build configuration list for PBXProject "MillionDollarApp(hopefully(maybe))" */ = {
			isa = XCConfigurationList;
			buildConfigurations = (
				528118B826E4135B00ECA7F4 /* Debug */,
				528118B926E4135B00ECA7F4 /* Release */,
			);
			defaultConfigurationIsVisible = 0;
			defaultConfigurationName = Release;
		};
		528118BA26E4135B00ECA7F4 /* Build configuration list for PBXNativeTarget "MillionDollarApp(hopefully(maybe))" */ = {
			isa = XCConfigurationList;
			buildConfigurations = (
				528118BB26E4135B00ECA7F4 /* Debug */,
				528118BC26E4135B00ECA7F4 /* Release */,
			);
			defaultConfigurationIsVisible = 0;
			defaultConfigurationName = Release;
		};
		528118BD26E4135B00ECA7F4 /* Build configuration list for PBXNativeTarget "MillionDollarApp(hopefully(maybe))Tests" */ = {
			isa = XCConfigurationList;
			buildConfigurations = (
				528118BE26E4135B00ECA7F4 /* Debug */,
				528118BF26E4135B00ECA7F4 /* Release */,
			);
			defaultConfigurationIsVisible = 0;
			defaultConfigurationName = Release;
		};
		528118C026E4135B00ECA7F4 /* Build configuration list for PBXNativeTarget "MillionDollarApp(hopefully(maybe))UITests" */ = {
			isa = XCConfigurationList;
			buildConfigurations = (
				528118C126E4135B00ECA7F4 /* Debug */,
				528118C226E4135B00ECA7F4 /* Release */,
			);
			defaultConfigurationIsVisible = 0;
			defaultConfigurationName = Release;
		};
/* End XCConfigurationList section */

/* Begin XCVersionGroup section */
		5281189E26E4135B00ECA7F4 /* MillionDollarApp_hopefully_maybe__.xcdatamodeld */ = {
			isa = XCVersionGroup;
			children = (
				5281189F26E4135B00ECA7F4 /* MillionDollarApp_hopefully_maybe__.xcdatamodel */,
			);
			currentVersion = 5281189F26E4135B00ECA7F4 /* MillionDollarApp_hopefully_maybe__.xcdatamodel */;
			path = MillionDollarApp_hopefully_maybe__.xcdatamodeld;
			sourceTree = "<group>";
			versionGroupType = wrapper.xcdatamodel;
		};
/* End XCVersionGroup section */
	};
	rootObject = 5281188826E4135A00ECA7F4 /* Project object */;
}
